
Microsoft Visual Studio Solution File, Format Version 12.00
# Visual Studio Version 16
VisualStudioVersion = 16.0.30907.101
MinimumVisualStudioVersion = 15.0.26124.0
Project("{9A19103F-16F7-4668-BE54-9A1E7A4F7556}") = "IOT_Data", "IOT_Data\IOT_Data.csproj", "{4AE91061-BE6D-4846-8264-B652418FE621}"
EndProject
Project("{9A19103F-16F7-4668-BE54-9A1E7A4F7556}") = "IOT_Business", "IOT_Business\IOT_Business.csproj", "{56AEFCD4-3B19-4517-B40D-EFAE31A070B2}"
EndProject
Project("{FAE04EC0-301F-11D3-BF4B-00C04F79EFBC}") = "API_Parking", "API_Parking\API_Parking.csproj", "{08DCF887-DDE0-4A58-97FC-2E5970336DB5}"
EndProject
Global
	GlobalSection(SolutionConfigurationPlatforms) = preSolution
		Debug|Any CPU = Debug|Any CPU
		Debug|x64 = Debug|x64
		Debug|x86 = Debug|x86
		Release|Any CPU = Release|Any CPU
		Release|x64 = Release|x64
		Release|x86 = Release|x86
	EndGlobalSection
	GlobalSection(ProjectConfigurationPlatforms) = postSolution
		{4AE91061-BE6D-4846-8264-B652418FE621}.Debug|Any CPU.ActiveCfg = Debug|Any CPU
		{4AE91061-BE6D-4846-8264-B652418FE621}.Debug|Any CPU.Build.0 = Debug|Any CPU
		{4AE91061-BE6D-4846-8264-B652418FE621}.Debug|x64.ActiveCfg = Debug|Any CPU
		{4AE91061-BE6D-4846-8264-B652418FE621}.Debug|x64.Build.0 = Debug|Any CPU
		{4AE91061-BE6D-4846-8264-B652418FE621}.Debug|x86.ActiveCfg = Debug|Any CPU
		{4AE91061-BE6D-4846-8264-B652418FE621}.Debug|x86.Build.0 = Debug|Any CPU
		{4AE91061-BE6D-4846-8264-B652418FE621}.Release|Any CPU.ActiveCfg = Release|Any CPU
		{4AE91061-BE6D-4846-8264-B652418FE621}.Release|Any CPU.Build.0 = Release|Any CPU
		{4AE91061-BE6D-4846-8264-B652418FE621}.Release|x64.ActiveCfg = Release|Any CPU
		{4AE91061-BE6D-4846-8264-B652418FE621}.Release|x64.Build.0 = Release|Any CPU
		{4AE91061-BE6D-4846-8264-B652418FE621}.Release|x86.ActiveCfg = Release|Any CPU
		{4AE91061-BE6D-4846-8264-B652418FE621}.Release|x86.Build.0 = Release|Any CPU
		{56AEFCD4-3B19-4517-B40D-EFAE31A070B2}.Debug|Any CPU.ActiveCfg = Debug|Any CPU
		{56AEFCD4-3B19-4517-B40D-EFAE31A070B2}.Debug|Any CPU.Build.0 = Debug|Any CPU
		{56AEFCD4-3B19-4517-B40D-EFAE31A070B2}.Debug|x64.ActiveCfg = Debug|Any CPU
		{56AEFCD4-3B19-4517-B40D-EFAE31A070B2}.Debug|x64.Build.0 = Debug|Any CPU
		{56AEFCD4-3B19-4517-B40D-EFAE31A070B2}.Debug|x86.ActiveCfg = Debug|Any CPU
		{56AEFCD4-3B19-4517-B40D-EFAE31A070B2}.Debug|x86.Build.0 = Debug|Any CPU
		{56AEFCD4-3B19-4517-B40D-EFAE31A070B2}.Release|Any CPU.ActiveCfg = Release|Any CPU
		{56AEFCD4-3B19-4517-B40D-EFAE31A070B2}.Release|Any CPU.Build.0 = Release|Any CPU
		{56AEFCD4-3B19-4517-B40D-EFAE31A070B2}.Release|x64.ActiveCfg = Release|Any CPU
		{56AEFCD4-3B19-4517-B40D-EFAE31A070B2}.Release|x64.Build.0 = Release|Any CPU
		{56AEFCD4-3B19-4517-B40D-EFAE31A070B2}.Release|x86.ActiveCfg = Release|Any CPU
		{56AEFCD4-3B19-4517-B40D-EFAE31A070B2}.Release|x86.Build.0 = Release|Any CPU
		{08DCF887-DDE0-4A58-97FC-2E5970336DB5}.Debug|Any CPU.ActiveCfg = Debug|Any CPU
		{08DCF887-DDE0-4A58-97FC-2E5970336DB5}.Debug|Any CPU.Build.0 = Debug|Any CPU
		{08DCF887-DDE0-4A58-97FC-2E5970336DB5}.Debug|x64.ActiveCfg = Debug|Any CPU
		{08DCF887-DDE0-4A58-97FC-2E5970336DB5}.Debug|x64.Build.0 = Debug|Any CPU
		{08DCF887-DDE0-4A58-97FC-2E5970336DB5}.Debug|x86.ActiveCfg = Debug|Any CPU
		{08DCF887-DDE0-4A58-97FC-2E5970336DB5}.Debug|x86.Build.0 = Debug|Any CPU
		{08DCF887-DDE0-4A58-97FC-2E5970336DB5}.Release|Any CPU.ActiveCfg = Release|Any CPU
		{08DCF887-DDE0-4A58-97FC-2E5970336DB5}.Release|Any CPU.Build.0 = Release|Any CPU
		{08DCF887-DDE0-4A58-97FC-2E5970336DB5}.Release|x64.ActiveCfg = Release|Any CPU
		{08DCF887-DDE0-4A58-97FC-2E5970336DB5}.Release|x64.Build.0 = Release|Any CPU
		{08DCF887-DDE0-4A58-97FC-2E5970336DB5}.Release|x86.ActiveCfg = Release|Any CPU
		{08DCF887-DDE0-4A58-97FC-2E5970336DB5}.Release|x86.Build.0 = Release|Any CPU
	EndGlobalSection
	GlobalSection(SolutionProperties) = preSolution
		HideSolutionNode = FALSE
	EndGlobalSection
	GlobalSection(ExtensibilityGlobals) = postSolution
		SolutionGuid = {9A8A4C6D-B1FD-43DD-8561-8CA8F37F2F87}
	EndGlobalSection
EndGlobal
